
Microsoft Visual Studio Solution File, Format Version 12.00
# Visual Studio Version 17
VisualStudioVersion = 17.8.34330.188
MinimumVisualStudioVersion = 10.0.40219.1
Project("{FAE04EC0-301F-11D3-BF4B-00C04F79EFBC}") = "ConsoleApp1", "ConsoleApp1.csproj", "{6C3122FC-1D4B-4201-9C00-7E16F602CAFC}"
EndProject
Global
	GlobalSection(SolutionConfigurationPlatforms) = preSolution
		Debug|Any CPU = Debug|Any CPU
		Release|Any CPU = Release|Any CPU
	EndGlobalSection
	GlobalSection(ProjectConfigurationPlatforms) = postSolution
		{6C3122FC-1D4B-4201-9C00-7E16F602CAFC}.Debug|Any CPU.ActiveCfg = Debug|Any CPU
		{6C3122FC-1D4B-4201-9C00-7E16F602CAFC}.Debug|Any CPU.Build.0 = Debug|Any CPU
		{6C3122FC-1D4B-4201-9C00-7E16F602CAFC}.Release|Any CPU.ActiveCfg = Release|Any CPU
		{6C3122FC-1D4B-4201-9C00-7E16F602CAFC}.Release|Any CPU.Build.0 = Release|Any CPU
	EndGlobalSection
	GlobalSection(SolutionProperties) = preSolution
		HideSolutionNode = FALSE
	EndGlobalSection
	GlobalSection(ExtensibilityGlobals) = postSolution
		SolutionGuid = {42F0C0DE-BABC-46B5-AF92-957D59675AF3}
	EndGlobalSection
EndGlobal
